
Microsoft Visual Studio Solution File, Format Version 12.00
# Visual Studio Version 17
VisualStudioVersion = 17.6.33829.357
MinimumVisualStudioVersion = 10.0.40219.1
Project("{FAE04EC0-301F-11D3-BF4B-00C04F79EFBC}") = "DelegateLesson", "DelegateLesson\DelegateLesson.csproj", "{B320905B-7B29-427F-A568-EC3EB87E6596}"
EndProject
Global
	GlobalSection(SolutionConfigurationPlatforms) = preSolution
		Debug|Any CPU = Debug|Any CPU
		Release|Any CPU = Release|Any CPU
	EndGlobalSection
	GlobalSection(ProjectConfigurationPlatforms) = postSolution
		{B320905B-7B29-427F-A568-EC3EB87E6596}.Debug|Any CPU.ActiveCfg = Debug|Any CPU
		{B320905B-7B29-427F-A568-EC3EB87E6596}.Debug|Any CPU.Build.0 = Debug|Any CPU
		{B320905B-7B29-427F-A568-EC3EB87E6596}.Release|Any CPU.ActiveCfg = Release|Any CPU
		{B320905B-7B29-427F-A568-EC3EB87E6596}.Release|Any CPU.Build.0 = Release|Any CPU
	EndGlobalSection
	GlobalSection(SolutionProperties) = preSolution
		HideSolutionNode = FALSE
	EndGlobalSection
	GlobalSection(ExtensibilityGlobals) = postSolution
		SolutionGuid = {74B94582-2754-4F2D-9F88-2BB2FAF9D5F8}
	EndGlobalSection
EndGlobal
