
Microsoft Visual Studio Solution File, Format Version 12.00
# Visual Studio Version 17
VisualStudioVersion = 17.6.33829.357
MinimumVisualStudioVersion = 10.0.40219.1
Project("{FAE04EC0-301F-11D3-BF4B-00C04F79EFBC}") = "ConsoleApp2", "ConsoleApp2\ConsoleApp2.csproj", "{E2516175-E037-4383-9EC4-8B7A2FB2749E}"
EndProject
Global
	GlobalSection(SolutionConfigurationPlatforms) = preSolution
		Debug|Any CPU = Debug|Any CPU
		Release|Any CPU = Release|Any CPU
	EndGlobalSection
	GlobalSection(ProjectConfigurationPlatforms) = postSolution
		{E2516175-E037-4383-9EC4-8B7A2FB2749E}.Debug|Any CPU.ActiveCfg = Debug|Any CPU
		{E2516175-E037-4383-9EC4-8B7A2FB2749E}.Debug|Any CPU.Build.0 = Debug|Any CPU
		{E2516175-E037-4383-9EC4-8B7A2FB2749E}.Release|Any CPU.ActiveCfg = Release|Any CPU
		{E2516175-E037-4383-9EC4-8B7A2FB2749E}.Release|Any CPU.Build.0 = Release|Any CPU
	EndGlobalSection
	GlobalSection(SolutionProperties) = preSolution
		HideSolutionNode = FALSE
	EndGlobalSection
	GlobalSection(ExtensibilityGlobals) = postSolution
		SolutionGuid = {CE256044-C701-4C27-94B8-79457FC58C0B}
	EndGlobalSection
EndGlobal
