
Microsoft Visual Studio Solution File, Format Version 12.00
# Visual Studio Version 17
VisualStudioVersion = 17.6.33829.357
MinimumVisualStudioVersion = 10.0.40219.1
Project("{FAE04EC0-301F-11D3-BF4B-00C04F79EFBC}") = "State", "State\State.csproj", "{54849194-9DF3-432B-A5FD-705BB2A9B285}"
EndProject
Global
	GlobalSection(SolutionConfigurationPlatforms) = preSolution
		Debug|Any CPU = Debug|Any CPU
		Release|Any CPU = Release|Any CPU
	EndGlobalSection
	GlobalSection(ProjectConfigurationPlatforms) = postSolution
		{54849194-9DF3-432B-A5FD-705BB2A9B285}.Debug|Any CPU.ActiveCfg = Debug|Any CPU
		{54849194-9DF3-432B-A5FD-705BB2A9B285}.Debug|Any CPU.Build.0 = Debug|Any CPU
		{54849194-9DF3-432B-A5FD-705BB2A9B285}.Release|Any CPU.ActiveCfg = Release|Any CPU
		{54849194-9DF3-432B-A5FD-705BB2A9B285}.Release|Any CPU.Build.0 = Release|Any CPU
	EndGlobalSection
	GlobalSection(SolutionProperties) = preSolution
		HideSolutionNode = FALSE
	EndGlobalSection
	GlobalSection(ExtensibilityGlobals) = postSolution
		SolutionGuid = {EF7836C3-5D22-4B8F-A5B7-12C75907FC79}
	EndGlobalSection
EndGlobal
