
Microsoft Visual Studio Solution File, Format Version 12.00
# Visual Studio Version 17
VisualStudioVersion = 17.6.33829.357
MinimumVisualStudioVersion = 10.0.40219.1
Project("{FAE04EC0-301F-11D3-BF4B-00C04F79EFBC}") = "MonefyWpf", "MonefyWpf\MonefyWpf.csproj", "{1AEF129E-D587-410C-B57D-47929F5CCA19}"
EndProject
Global
	GlobalSection(SolutionConfigurationPlatforms) = preSolution
		Debug|Any CPU = Debug|Any CPU
		Release|Any CPU = Release|Any CPU
	EndGlobalSection
	GlobalSection(ProjectConfigurationPlatforms) = postSolution
		{1AEF129E-D587-410C-B57D-47929F5CCA19}.Debug|Any CPU.ActiveCfg = Debug|Any CPU
		{1AEF129E-D587-410C-B57D-47929F5CCA19}.Debug|Any CPU.Build.0 = Debug|Any CPU
		{1AEF129E-D587-410C-B57D-47929F5CCA19}.Release|Any CPU.ActiveCfg = Release|Any CPU
		{1AEF129E-D587-410C-B57D-47929F5CCA19}.Release|Any CPU.Build.0 = Release|Any CPU
	EndGlobalSection
	GlobalSection(SolutionProperties) = preSolution
		HideSolutionNode = FALSE
	EndGlobalSection
	GlobalSection(ExtensibilityGlobals) = postSolution
		SolutionGuid = {04B5486C-E69B-4238-82A0-FC4FB563848C}
	EndGlobalSection
EndGlobal
